
Microsoft Visual Studio Solution File, Format Version 12.00
# Visual Studio 15
VisualStudioVersion = 15.0.28307.757
MinimumVisualStudioVersion = 10.0.40219.1
Project("{2150E333-8FDC-42A3-9474-1A3956D46DE8}") = "DAL", "DAL", "{C19A1F32-271B-484D-A44B-C4EB959E9D39}"
EndProject
Project("{2150E333-8FDC-42A3-9474-1A3956D46DE8}") = "BLL", "BLL", "{2B7E45AD-DEB7-48B0-96E5-9954077388D4}"
EndProject
Project("{9A19103F-16F7-4668-BE54-9A1E7A4F7556}") = "Domain", "Domain\Domain.csproj", "{689A79EC-2C8B-4CBB-9563-97767704299A}"
EndProject
Project("{9A19103F-16F7-4668-BE54-9A1E7A4F7556}") = "Domain.Data", "Domain.Data\Domain.Data.csproj", "{70CDE150-F32A-40AE-ADBD-4A3CCA640797}"
EndProject
Project("{2150E333-8FDC-42A3-9474-1A3956D46DE8}") = "Services", "Services", "{513D9D87-724F-4031-BE26-FBFE558D9F0B}"
EndProject
Project("{2150E333-8FDC-42A3-9474-1A3956D46DE8}") = "ComponentRegister", "ComponentRegister", "{4084E111-316F-4AC7-9B06-19FB3554EFE1}"
EndProject
Project("{2150E333-8FDC-42A3-9474-1A3956D46DE8}") = "WebApi", "WebApi", "{AB704C92-65EC-4524-8D2B-720A8D3FA97B}"
EndProject
Project("{FAE04EC0-301F-11D3-BF4B-00C04F79EFBC}") = "WebApiService", "WebApiService\WebApiService.csproj", "{173BD769-4223-461F-8963-392539CF4579}"
EndProject
Project("{FAE04EC0-301F-11D3-BF4B-00C04F79EFBC}") = "WebApiContracts", "WebApiContracts\WebApiContracts.csproj", "{35831895-610D-4C45-8614-970B8EAD390A}"
EndProject
Project("{FAE04EC0-301F-11D3-BF4B-00C04F79EFBC}") = "AppServices", "AppServices\AppServices.csproj", "{1ECA2135-822D-4867-B216-FBA1B3342AFB}"
EndProject
Project("{FAE04EC0-301F-11D3-BF4B-00C04F79EFBC}") = "RegisterComponent", "RegisterComponent\RegisterComponent.csproj", "{B3CEAD26-EE7D-4141-85E6-B4B28B66C50E}"
EndProject
Global
	GlobalSection(SolutionConfigurationPlatforms) = preSolution
		Debug|Any CPU = Debug|Any CPU
		Release|Any CPU = Release|Any CPU
	EndGlobalSection
	GlobalSection(ProjectConfigurationPlatforms) = postSolution
		{689A79EC-2C8B-4CBB-9563-97767704299A}.Debug|Any CPU.ActiveCfg = Debug|Any CPU
		{689A79EC-2C8B-4CBB-9563-97767704299A}.Debug|Any CPU.Build.0 = Debug|Any CPU
		{689A79EC-2C8B-4CBB-9563-97767704299A}.Release|Any CPU.ActiveCfg = Release|Any CPU
		{689A79EC-2C8B-4CBB-9563-97767704299A}.Release|Any CPU.Build.0 = Release|Any CPU
		{70CDE150-F32A-40AE-ADBD-4A3CCA640797}.Debug|Any CPU.ActiveCfg = Debug|Any CPU
		{70CDE150-F32A-40AE-ADBD-4A3CCA640797}.Debug|Any CPU.Build.0 = Debug|Any CPU
		{70CDE150-F32A-40AE-ADBD-4A3CCA640797}.Release|Any CPU.ActiveCfg = Release|Any CPU
		{70CDE150-F32A-40AE-ADBD-4A3CCA640797}.Release|Any CPU.Build.0 = Release|Any CPU
		{173BD769-4223-461F-8963-392539CF4579}.Debug|Any CPU.ActiveCfg = Debug|Any CPU
		{173BD769-4223-461F-8963-392539CF4579}.Debug|Any CPU.Build.0 = Debug|Any CPU
		{173BD769-4223-461F-8963-392539CF4579}.Release|Any CPU.ActiveCfg = Release|Any CPU
		{173BD769-4223-461F-8963-392539CF4579}.Release|Any CPU.Build.0 = Release|Any CPU
		{35831895-610D-4C45-8614-970B8EAD390A}.Debug|Any CPU.ActiveCfg = Debug|Any CPU
		{35831895-610D-4C45-8614-970B8EAD390A}.Debug|Any CPU.Build.0 = Debug|Any CPU
		{35831895-610D-4C45-8614-970B8EAD390A}.Release|Any CPU.ActiveCfg = Release|Any CPU
		{35831895-610D-4C45-8614-970B8EAD390A}.Release|Any CPU.Build.0 = Release|Any CPU
		{1ECA2135-822D-4867-B216-FBA1B3342AFB}.Debug|Any CPU.ActiveCfg = Debug|Any CPU
		{1ECA2135-822D-4867-B216-FBA1B3342AFB}.Debug|Any CPU.Build.0 = Debug|Any CPU
		{1ECA2135-822D-4867-B216-FBA1B3342AFB}.Release|Any CPU.ActiveCfg = Release|Any CPU
		{1ECA2135-822D-4867-B216-FBA1B3342AFB}.Release|Any CPU.Build.0 = Release|Any CPU
		{B3CEAD26-EE7D-4141-85E6-B4B28B66C50E}.Debug|Any CPU.ActiveCfg = Debug|Any CPU
		{B3CEAD26-EE7D-4141-85E6-B4B28B66C50E}.Debug|Any CPU.Build.0 = Debug|Any CPU
		{B3CEAD26-EE7D-4141-85E6-B4B28B66C50E}.Release|Any CPU.ActiveCfg = Release|Any CPU
		{B3CEAD26-EE7D-4141-85E6-B4B28B66C50E}.Release|Any CPU.Build.0 = Release|Any CPU
	EndGlobalSection
	GlobalSection(SolutionProperties) = preSolution
		HideSolutionNode = FALSE
	EndGlobalSection
	GlobalSection(NestedProjects) = preSolution
		{689A79EC-2C8B-4CBB-9563-97767704299A} = {C19A1F32-271B-484D-A44B-C4EB959E9D39}
		{70CDE150-F32A-40AE-ADBD-4A3CCA640797} = {C19A1F32-271B-484D-A44B-C4EB959E9D39}
		{513D9D87-724F-4031-BE26-FBFE558D9F0B} = {2B7E45AD-DEB7-48B0-96E5-9954077388D4}
		{4084E111-316F-4AC7-9B06-19FB3554EFE1} = {2B7E45AD-DEB7-48B0-96E5-9954077388D4}
		{AB704C92-65EC-4524-8D2B-720A8D3FA97B} = {2B7E45AD-DEB7-48B0-96E5-9954077388D4}
		{173BD769-4223-461F-8963-392539CF4579} = {AB704C92-65EC-4524-8D2B-720A8D3FA97B}
		{35831895-610D-4C45-8614-970B8EAD390A} = {513D9D87-724F-4031-BE26-FBFE558D9F0B}
		{1ECA2135-822D-4867-B216-FBA1B3342AFB} = {513D9D87-724F-4031-BE26-FBFE558D9F0B}
		{B3CEAD26-EE7D-4141-85E6-B4B28B66C50E} = {4084E111-316F-4AC7-9B06-19FB3554EFE1}
	EndGlobalSection
	GlobalSection(ExtensibilityGlobals) = postSolution
		SolutionGuid = {3BB3E1B2-F294-44DC-B96C-F9B114452176}
	EndGlobalSection
EndGlobal
